// !$*UTF8*$!
{
	archiveVersion = 1;
	classes = {
	};
	objectVersion = 56;
	objects = {

/* Begin PBXBuildFile section */
		549B608429D310000074CF88 /* AppDelegate.swift in Sources */ = {isa = PBXBuildFile; fileRef = 549B608329D310000074CF88 /* AppDelegate.swift */; };
		549B608629D310000074CF88 /* SceneDelegate.swift in Sources */ = {isa = PBXBuildFile; fileRef = 549B608529D310000074CF88 /* SceneDelegate.swift */; };
		549B608829D310000074CF88 /* ChatViewController.swift in Sources */ = {isa = PBXBuildFile; fileRef = 549B608729D310000074CF88 /* ChatViewController.swift */; };
		549B608D29D310010074CF88 /* Assets.xcassets in Resources */ = {isa = PBXBuildFile; fileRef = 549B608C29D310010074CF88 /* Assets.xcassets */; };
		549B609029D310010074CF88 /* LaunchScreen.storyboard in Resources */ = {isa = PBXBuildFile; fileRef = 549B608E29D310010074CF88 /* LaunchScreen.storyboard */; };
		549B609C29D3127B0074CF88 /* ChatTextCell.swift in Sources */ = {isa = PBXBuildFile; fileRef = 549B609B29D3127B0074CF88 /* ChatTextCell.swift */; };
		549B609E29D312950074CF88 /* ChatPollCell.swift in Sources */ = {isa = PBXBuildFile; fileRef = 549B609D29D312950074CF88 /* ChatPollCell.swift */; };
		549B60A329D312BF0074CF88 /* User.swift in Sources */ = {isa = PBXBuildFile; fileRef = 549B60A029D312BF0074CF88 /* User.swift */; };
		549B60A429D312BF0074CF88 /* Message.swift in Sources */ = {isa = PBXBuildFile; fileRef = 549B60A129D312BF0074CF88 /* Message.swift */; };
		549B60A529D312BF0074CF88 /* Poll.swift in Sources */ = {isa = PBXBuildFile; fileRef = 549B60A229D312BF0074CF88 /* Poll.swift */; };
		549B60AB29D31A9F0074CF88 /* UIFont.swift in Sources */ = {isa = PBXBuildFile; fileRef = 549B60A829D31A9F0074CF88 /* UIFont.swift */; };
		549B60AC29D31A9F0074CF88 /* UIColor.swift in Sources */ = {isa = PBXBuildFile; fileRef = 549B60A929D31A9F0074CF88 /* UIColor.swift */; };
		549B60AD29D31A9F0074CF88 /* UITableView+Register.swift in Sources */ = {isa = PBXBuildFile; fileRef = 549B60AA29D31A9F0074CF88 /* UITableView+Register.swift */; };
		54E1EBF529D36F920029F2EB /* Fonts in Resources */ = {isa = PBXBuildFile; fileRef = 54E1EBF429D36F920029F2EB /* Fonts */; };
		54E1EBF829D374170029F2EB /* GradientView.swift in Sources */ = {isa = PBXBuildFile; fileRef = 54E1EBF729D374170029F2EB /* GradientView.swift */; };
		54E1EBFA29D376B20029F2EB /* PollTotalVotesView.swift in Sources */ = {isa = PBXBuildFile; fileRef = 54E1EBF929D376B20029F2EB /* PollTotalVotesView.swift */; };
		54E1EBFC29D380550029F2EB /* PollOptionView.swift in Sources */ = {isa = PBXBuildFile; fileRef = 54E1EBFB29D380550029F2EB /* PollOptionView.swift */; };
		54E1EBFE29D38F400029F2EB /* ChatTitleView.swift in Sources */ = {isa = PBXBuildFile; fileRef = 54E1EBFD29D38F400029F2EB /* ChatTitleView.swift */; };
		54E1EC0029D390C20029F2EB /* ChatInputView.swift in Sources */ = {isa = PBXBuildFile; fileRef = 54E1EBFF29D390C20029F2EB /* ChatInputView.swift */; };
		54E1EC0329D4B20B0029F2EB /* ChatCoordinator.swift in Sources */ = {isa = PBXBuildFile; fileRef = 54E1EC0229D4B20B0029F2EB /* ChatCoordinator.swift */; };
		54E1EC0629D4B4070029F2EB /* ChatService.swift in Sources */ = {isa = PBXBuildFile; fileRef = 54E1EC0529D4B4070029F2EB /* ChatService.swift */; };
		54E1EC0829D4B4DE0029F2EB /* Content.swift in Sources */ = {isa = PBXBuildFile; fileRef = 54E1EC0729D4B4DE0029F2EB /* Content.swift */; };
		54E1EC0B29D4BF4D0029F2EB /* PollCreationViewController.swift in Sources */ = {isa = PBXBuildFile; fileRef = 54E1EC0A29D4BF4C0029F2EB /* PollCreationViewController.swift */; };
		54E1EC0D29D64FDC0029F2EB /* Container.swift in Sources */ = {isa = PBXBuildFile; fileRef = 54E1EC0C29D64FDC0029F2EB /* Container.swift */; };
		54E1EC1029D7814E0029F2EB /* PollCreationQuestionCell.swift in Sources */ = {isa = PBXBuildFile; fileRef = 54E1EC0F29D7814E0029F2EB /* PollCreationQuestionCell.swift */; };
		54E1EC1529D7A8B00029F2EB /* PollCreationOptionCell.swift in Sources */ = {isa = PBXBuildFile; fileRef = 54E1EC1429D7A8B00029F2EB /* PollCreationOptionCell.swift */; };
		54E1EC1829D897590029F2EB /* CounterSectionHeader.swift in Sources */ = {isa = PBXBuildFile; fileRef = 54E1EC1729D897590029F2EB /* CounterSectionHeader.swift */; };
		54E1EC1A29D8AFC10029F2EB /* PollCreationAddOptionCell.swift in Sources */ = {isa = PBXBuildFile; fileRef = 54E1EC1929D8AFC10029F2EB /* PollCreationAddOptionCell.swift */; };
/* End PBXBuildFile section */

/* Begin PBXFileReference section */
		549B608029D310000074CF88 /* SimpleChatApp.app */ = {isa = PBXFileReference; explicitFileType = wrapper.application; includeInIndex = 0; path = SimpleChatApp.app; sourceTree = BUILT_PRODUCTS_DIR; };
		549B608329D310000074CF88 /* AppDelegate.swift */ = {isa = PBXFileReference; lastKnownFileType = sourcecode.swift; path = AppDelegate.swift; sourceTree = "<group>"; };
		549B608529D310000074CF88 /* SceneDelegate.swift */ = {isa = PBXFileReference; lastKnownFileType = sourcecode.swift; path = SceneDelegate.swift; sourceTree = "<group>"; };
		549B608729D310000074CF88 /* ChatViewController.swift */ = {isa = PBXFileReference; lastKnownFileType = sourcecode.swift; path = ChatViewController.swift; sourceTree = "<group>"; };
		549B608C29D310010074CF88 /* Assets.xcassets */ = {isa = PBXFileReference; lastKnownFileType = folder.assetcatalog; path = Assets.xcassets; sourceTree = "<group>"; };
		549B608F29D310010074CF88 /* Base */ = {isa = PBXFileReference; lastKnownFileType = file.storyboard; name = Base; path = Base.lproj/LaunchScreen.storyboard; sourceTree = "<group>"; };
		549B609129D310010074CF88 /* Info.plist */ = {isa = PBXFileReference; lastKnownFileType = text.plist.xml; path = Info.plist; sourceTree = "<group>"; };
		549B609B29D3127B0074CF88 /* ChatTextCell.swift */ = {isa = PBXFileReference; lastKnownFileType = sourcecode.swift; path = ChatTextCell.swift; sourceTree = "<group>"; };
		549B609D29D312950074CF88 /* ChatPollCell.swift */ = {isa = PBXFileReference; lastKnownFileType = sourcecode.swift; path = ChatPollCell.swift; sourceTree = "<group>"; };
		549B60A029D312BF0074CF88 /* User.swift */ = {isa = PBXFileReference; fileEncoding = 4; lastKnownFileType = sourcecode.swift; path = User.swift; sourceTree = "<group>"; };
		549B60A129D312BF0074CF88 /* Message.swift */ = {isa = PBXFileReference; fileEncoding = 4; lastKnownFileType = sourcecode.swift; path = Message.swift; sourceTree = "<group>"; };
		549B60A229D312BF0074CF88 /* Poll.swift */ = {isa = PBXFileReference; fileEncoding = 4; lastKnownFileType = sourcecode.swift; path = Poll.swift; sourceTree = "<group>"; };
		549B60A829D31A9F0074CF88 /* UIFont.swift */ = {isa = PBXFileReference; fileEncoding = 4; lastKnownFileType = sourcecode.swift; path = UIFont.swift; sourceTree = "<group>"; };
		549B60A929D31A9F0074CF88 /* UIColor.swift */ = {isa = PBXFileReference; fileEncoding = 4; lastKnownFileType = sourcecode.swift; path = UIColor.swift; sourceTree = "<group>"; };
		549B60AA29D31A9F0074CF88 /* UITableView+Register.swift */ = {isa = PBXFileReference; fileEncoding = 4; lastKnownFileType = sourcecode.swift; path = "UITableView+Register.swift"; sourceTree = "<group>"; };
		54E1EBF429D36F920029F2EB /* Fonts */ = {isa = PBXFileReference; lastKnownFileType = folder; path = Fonts; sourceTree = "<group>"; };
		54E1EBF729D374170029F2EB /* GradientView.swift */ = {isa = PBXFileReference; lastKnownFileType = sourcecode.swift; path = GradientView.swift; sourceTree = "<group>"; };
		54E1EBF929D376B20029F2EB /* PollTotalVotesView.swift */ = {isa = PBXFileReference; lastKnownFileType = sourcecode.swift; path = PollTotalVotesView.swift; sourceTree = "<group>"; };
		54E1EBFB29D380550029F2EB /* PollOptionView.swift */ = {isa = PBXFileReference; lastKnownFileType = sourcecode.swift; path = PollOptionView.swift; sourceTree = "<group>"; };
		54E1EBFD29D38F400029F2EB /* ChatTitleView.swift */ = {isa = PBXFileReference; lastKnownFileType = sourcecode.swift; path = ChatTitleView.swift; sourceTree = "<group>"; };
		54E1EBFF29D390C20029F2EB /* ChatInputView.swift */ = {isa = PBXFileReference; lastKnownFileType = sourcecode.swift; path = ChatInputView.swift; sourceTree = "<group>"; };
		54E1EC0229D4B20B0029F2EB /* ChatCoordinator.swift */ = {isa = PBXFileReference; lastKnownFileType = sourcecode.swift; path = ChatCoordinator.swift; sourceTree = "<group>"; };
		54E1EC0529D4B4070029F2EB /* ChatService.swift */ = {isa = PBXFileReference; lastKnownFileType = sourcecode.swift; path = ChatService.swift; sourceTree = "<group>"; };
		54E1EC0729D4B4DE0029F2EB /* Content.swift */ = {isa = PBXFileReference; lastKnownFileType = sourcecode.swift; path = Content.swift; sourceTree = "<group>"; };
		54E1EC0A29D4BF4C0029F2EB /* PollCreationViewController.swift */ = {isa = PBXFileReference; lastKnownFileType = sourcecode.swift; path = PollCreationViewController.swift; sourceTree = "<group>"; };
		54E1EC0C29D64FDC0029F2EB /* Container.swift */ = {isa = PBXFileReference; lastKnownFileType = sourcecode.swift; path = Container.swift; sourceTree = "<group>"; };
		54E1EC0F29D7814E0029F2EB /* PollCreationQuestionCell.swift */ = {isa = PBXFileReference; lastKnownFileType = sourcecode.swift; path = PollCreationQuestionCell.swift; sourceTree = "<group>"; };
		54E1EC1429D7A8B00029F2EB /* PollCreationOptionCell.swift */ = {isa = PBXFileReference; lastKnownFileType = sourcecode.swift; path = PollCreationOptionCell.swift; sourceTree = "<group>"; };
		54E1EC1729D897590029F2EB /* CounterSectionHeader.swift */ = {isa = PBXFileReference; lastKnownFileType = sourcecode.swift; path = CounterSectionHeader.swift; sourceTree = "<group>"; };
		54E1EC1929D8AFC10029F2EB /* PollCreationAddOptionCell.swift */ = {isa = PBXFileReference; lastKnownFileType = sourcecode.swift; path = PollCreationAddOptionCell.swift; sourceTree = "<group>"; };
/* End PBXFileReference section */

/* Begin PBXFrameworksBuildPhase section */
		549B607D29D310000074CF88 /* Frameworks */ = {
			isa = PBXFrameworksBuildPhase;
			buildActionMask = 2147483647;
			files = (
			);
			runOnlyForDeploymentPostprocessing = 0;
		};
/* End PBXFrameworksBuildPhase section */

/* Begin PBXGroup section */
		549B607729D310000074CF88 = {
			isa = PBXGroup;
			children = (
				549B608229D310000074CF88 /* SimpleChatApp */,
				549B608129D310000074CF88 /* Products */,
			);
			sourceTree = "<group>";
		};
		549B608129D310000074CF88 /* Products */ = {
			isa = PBXGroup;
			children = (
				549B608029D310000074CF88 /* SimpleChatApp.app */,
			);
			name = Products;
			sourceTree = "<group>";
		};
		549B608229D310000074CF88 /* SimpleChatApp */ = {
			isa = PBXGroup;
			children = (
				54E1EC0429D4B4000029F2EB /* Services */,
				54E1EC0129D4B2020029F2EB /* Coordinators */,
				549B60A729D31A940074CF88 /* Extensions */,
				549B609F29D312AD0074CF88 /* Model */,
				549B609829D312370074CF88 /* UI */,
				549B609729D311C20074CF88 /* Resources */,
				549B608329D310000074CF88 /* AppDelegate.swift */,
				549B608529D310000074CF88 /* SceneDelegate.swift */,
			);
			path = SimpleChatApp;
			sourceTree = "<group>";
		};
		549B609729D311C20074CF88 /* Resources */ = {
			isa = PBXGroup;
			children = (
				54E1EBF429D36F920029F2EB /* Fonts */,
				549B608C29D310010074CF88 /* Assets.xcassets */,
				549B608E29D310010074CF88 /* LaunchScreen.storyboard */,
				549B609129D310010074CF88 /* Info.plist */,
			);
			path = Resources;
			sourceTree = "<group>";
		};
		549B609829D312370074CF88 /* UI */ = {
			isa = PBXGroup;
			children = (
				54E1EC0929D4BF3A0029F2EB /* PollCreation */,
				549B609929D3123E0074CF88 /* Chat */,
			);
			path = UI;
			sourceTree = "<group>";
		};
		549B609929D3123E0074CF88 /* Chat */ = {
			isa = PBXGroup;
			children = (
				54E1EBF629D3740C0029F2EB /* Views */,
				549B609A29D312690074CF88 /* Cells */,
				549B608729D310000074CF88 /* ChatViewController.swift */,
			);
			path = Chat;
			sourceTree = "<group>";
		};
		549B609A29D312690074CF88 /* Cells */ = {
			isa = PBXGroup;
			children = (
				549B609B29D3127B0074CF88 /* ChatTextCell.swift */,
				549B609D29D312950074CF88 /* ChatPollCell.swift */,
			);
			path = Cells;
			sourceTree = "<group>";
		};
		549B609F29D312AD0074CF88 /* Model */ = {
			isa = PBXGroup;
			children = (
				549B60A129D312BF0074CF88 /* Message.swift */,
				549B60A229D312BF0074CF88 /* Poll.swift */,
				549B60A029D312BF0074CF88 /* User.swift */,
				54E1EC0729D4B4DE0029F2EB /* Content.swift */,
			);
			path = Model;
			sourceTree = "<group>";
		};
		549B60A729D31A940074CF88 /* Extensions */ = {
			isa = PBXGroup;
			children = (
				549B60A929D31A9F0074CF88 /* UIColor.swift */,
				549B60A829D31A9F0074CF88 /* UIFont.swift */,
				549B60AA29D31A9F0074CF88 /* UITableView+Register.swift */,
			);
			path = Extensions;
			sourceTree = "<group>";
		};
		54E1EBF629D3740C0029F2EB /* Views */ = {
			isa = PBXGroup;
			children = (
				54E1EBF729D374170029F2EB /* GradientView.swift */,
				54E1EBF929D376B20029F2EB /* PollTotalVotesView.swift */,
				54E1EBFB29D380550029F2EB /* PollOptionView.swift */,
				54E1EBFD29D38F400029F2EB /* ChatTitleView.swift */,
				54E1EBFF29D390C20029F2EB /* ChatInputView.swift */,
			);
			path = Views;
			sourceTree = "<group>";
		};
		54E1EC0129D4B2020029F2EB /* Coordinators */ = {
			isa = PBXGroup;
			children = (
				54E1EC0229D4B20B0029F2EB /* ChatCoordinator.swift */,
			);
			path = Coordinators;
			sourceTree = "<group>";
		};
		54E1EC0429D4B4000029F2EB /* Services */ = {
			isa = PBXGroup;
			children = (
				54E1EC0529D4B4070029F2EB /* ChatService.swift */,
				54E1EC0C29D64FDC0029F2EB /* Container.swift */,
			);
			path = Services;
			sourceTree = "<group>";
		};
		54E1EC0929D4BF3A0029F2EB /* PollCreation */ = {
			isa = PBXGroup;
			children = (
				54E1EC1629D897410029F2EB /* Views */,
				54E1EC0E29D781210029F2EB /* Cells */,
				54E1EC0A29D4BF4C0029F2EB /* PollCreationViewController.swift */,
			);
			path = PollCreation;
			sourceTree = "<group>";
		};
		54E1EC0E29D781210029F2EB /* Cells */ = {
			isa = PBXGroup;
			children = (
				54E1EC0F29D7814E0029F2EB /* PollCreationQuestionCell.swift */,
				54E1EC1429D7A8B00029F2EB /* PollCreationOptionCell.swift */,
				54E1EC1929D8AFC10029F2EB /* PollCreationAddOptionCell.swift */,
			);
			path = Cells;
			sourceTree = "<group>";
		};
		54E1EC1629D897410029F2EB /* Views */ = {
			isa = PBXGroup;
			children = (
				54E1EC1729D897590029F2EB /* CounterSectionHeader.swift */,
			);
			path = Views;
			sourceTree = "<group>";
		};
/* End PBXGroup section */

/* Begin PBXNativeTarget section */
		549B607F29D310000074CF88 /* SimpleChatApp */ = {
			isa = PBXNativeTarget;
			buildConfigurationList = 549B609429D310010074CF88 /* Build configuration list for PBXNativeTarget "SimpleChatApp" */;
			buildPhases = (
				549B607C29D310000074CF88 /* Sources */,
				549B607D29D310000074CF88 /* Frameworks */,
				549B607E29D310000074CF88 /* Resources */,
			);
			buildRules = (
			);
			dependencies = (
			);
			name = SimpleChatApp;
			productName = SimpleChatApp;
			productReference = 549B608029D310000074CF88 /* SimpleChatApp.app */;
			productType = "com.apple.product-type.application";
		};
/* End PBXNativeTarget section */

/* Begin PBXProject section */
		549B607829D310000074CF88 /* Project object */ = {
			isa = PBXProject;
			attributes = {
				BuildIndependentTargetsInParallel = 1;
				LastSwiftUpdateCheck = 1430;
				LastUpgradeCheck = 1430;
				TargetAttributes = {
					549B607F29D310000074CF88 = {
						CreatedOnToolsVersion = 14.3;
					};
				};
			};
			buildConfigurationList = 549B607B29D310000074CF88 /* Build configuration list for PBXProject "SimpleChatApp" */;
			compatibilityVersion = "Xcode 14.0";
			developmentRegion = en;
			hasScannedForEncodings = 0;
			knownRegions = (
				en,
				Base,
			);
			mainGroup = 549B607729D310000074CF88;
			productRefGroup = 549B608129D310000074CF88 /* Products */;
			projectDirPath = "";
			projectRoot = "";
			targets = (
				549B607F29D310000074CF88 /* SimpleChatApp */,
			);
		};
/* End PBXProject section */

/* Begin PBXResourcesBuildPhase section */
		549B607E29D310000074CF88 /* Resources */ = {
			isa = PBXResourcesBuildPhase;
			buildActionMask = 2147483647;
			files = (
				54E1EBF529D36F920029F2EB /* Fonts in Resources */,
				549B609029D310010074CF88 /* LaunchScreen.storyboard in Resources */,
				549B608D29D310010074CF88 /* Assets.xcassets in Resources */,
			);
			runOnlyForDeploymentPostprocessing = 0;
		};
/* End PBXResourcesBuildPhase section */

/* Begin PBXSourcesBuildPhase section */
		549B607C29D310000074CF88 /* Sources */ = {
			isa = PBXSourcesBuildPhase;
			buildActionMask = 2147483647;
			files = (
				549B608829D310000074CF88 /* ChatViewController.swift in Sources */,
				549B60AD29D31A9F0074CF88 /* UITableView+Register.swift in Sources */,
				54E1EC1529D7A8B00029F2EB /* PollCreationOptionCell.swift in Sources */,
				54E1EBF829D374170029F2EB /* GradientView.swift in Sources */,
				549B608429D310000074CF88 /* AppDelegate.swift in Sources */,
				54E1EC0D29D64FDC0029F2EB /* Container.swift in Sources */,
				54E1EC0B29D4BF4D0029F2EB /* PollCreationViewController.swift in Sources */,
				54E1EC0329D4B20B0029F2EB /* ChatCoordinator.swift in Sources */,
				54E1EC0629D4B4070029F2EB /* ChatService.swift in Sources */,
				549B60A329D312BF0074CF88 /* User.swift in Sources */,
				549B609E29D312950074CF88 /* ChatPollCell.swift in Sources */,
				549B60A529D312BF0074CF88 /* Poll.swift in Sources */,
				549B609C29D3127B0074CF88 /* ChatTextCell.swift in Sources */,
				54E1EBFC29D380550029F2EB /* PollOptionView.swift in Sources */,
				54E1EC0029D390C20029F2EB /* ChatInputView.swift in Sources */,
				54E1EC1A29D8AFC10029F2EB /* PollCreationAddOptionCell.swift in Sources */,
				549B608629D310000074CF88 /* SceneDelegate.swift in Sources */,
				54E1EC1029D7814E0029F2EB /* PollCreationQuestionCell.swift in Sources */,
				54E1EBFA29D376B20029F2EB /* PollTotalVotesView.swift in Sources */,
				54E1EC0829D4B4DE0029F2EB /* Content.swift in Sources */,
				54E1EC1829D897590029F2EB /* CounterSectionHeader.swift in Sources */,
				549B60A429D312BF0074CF88 /* Message.swift in Sources */,
				549B60AB29D31A9F0074CF88 /* UIFont.swift in Sources */,
				549B60AC29D31A9F0074CF88 /* UIColor.swift in Sources */,
				54E1EBFE29D38F400029F2EB /* ChatTitleView.swift in Sources */,
			);
			runOnlyForDeploymentPostprocessing = 0;
		};
/* End PBXSourcesBuildPhase section */

/* Begin PBXVariantGroup section */
		549B608E29D310010074CF88 /* LaunchScreen.storyboard */ = {
			isa = PBXVariantGroup;
			children = (
				549B608F29D310010074CF88 /* Base */,
			);
			name = LaunchScreen.storyboard;
			sourceTree = "<group>";
		};
/* End PBXVariantGroup section */

/* Begin XCBuildConfiguration section */
		549B609229D310010074CF88 /* Debug */ = {
			isa = XCBuildConfiguration;
			buildSettings = {
				ALWAYS_SEARCH_USER_PATHS = NO;
				CLANG_ANALYZER_NONNULL = YES;
				CLANG_ANALYZER_NUMBER_OBJECT_CONVERSION = YES_AGGRESSIVE;
				CLANG_CXX_LANGUAGE_STANDARD = "gnu++20";
				CLANG_ENABLE_MODULES = YES;
				CLANG_ENABLE_OBJC_ARC = YES;
				CLANG_ENABLE_OBJC_WEAK = YES;
				CLANG_WARN_BLOCK_CAPTURE_AUTORELEASING = YES;
				CLANG_WARN_BOOL_CONVERSION = YES;
				CLANG_WARN_COMMA = YES;
				CLANG_WARN_CONSTANT_CONVERSION = YES;
				CLANG_WARN_DEPRECATED_OBJC_IMPLEMENTATIONS = YES;
				CLANG_WARN_DIRECT_OBJC_ISA_USAGE = YES_ERROR;
				CLANG_WARN_DOCUMENTATION_COMMENTS = YES;
				CLANG_WARN_EMPTY_BODY = YES;
				CLANG_WARN_ENUM_CONVERSION = YES;
				CLANG_WARN_INFINITE_RECURSION = YES;
				CLANG_WARN_INT_CONVERSION = YES;
				CLANG_WARN_NON_LITERAL_NULL_CONVERSION = YES;
				CLANG_WARN_OBJC_IMPLICIT_RETAIN_SELF = YES;
				CLANG_WARN_OBJC_LITERAL_CONVERSION = YES;
				CLANG_WARN_OBJC_ROOT_CLASS = YES_ERROR;
				CLANG_WARN_QUOTED_INCLUDE_IN_FRAMEWORK_HEADER = YES;
				CLANG_WARN_RANGE_LOOP_ANALYSIS = YES;
				CLANG_WARN_STRICT_PROTOTYPES = YES;
				CLANG_WARN_SUSPICIOUS_MOVE = YES;
				CLANG_WARN_UNGUARDED_AVAILABILITY = YES_AGGRESSIVE;
				CLANG_WARN_UNREACHABLE_CODE = YES;
				CLANG_WARN__DUPLICATE_METHOD_MATCH = YES;
				COPY_PHASE_STRIP = NO;
				DEBUG_INFORMATION_FORMAT = dwarf;
				ENABLE_STRICT_OBJC_MSGSEND = YES;
				ENABLE_TESTABILITY = YES;
				GCC_C_LANGUAGE_STANDARD = gnu11;
				GCC_DYNAMIC_NO_PIC = NO;
				GCC_NO_COMMON_BLOCKS = YES;
				GCC_OPTIMIZATION_LEVEL = 0;
				GCC_PREPROCESSOR_DEFINITIONS = (
					"DEBUG=1",
					"$(inherited)",
				);
				GCC_WARN_64_TO_32_BIT_CONVERSION = YES;
				GCC_WARN_ABOUT_RETURN_TYPE = YES_ERROR;
				GCC_WARN_UNDECLARED_SELECTOR = YES;
				GCC_WARN_UNINITIALIZED_AUTOS = YES_AGGRESSIVE;
				GCC_WARN_UNUSED_FUNCTION = YES;
				GCC_WARN_UNUSED_VARIABLE = YES;
				IPHONEOS_DEPLOYMENT_TARGET = 16.4;
				MTL_ENABLE_DEBUG_INFO = INCLUDE_SOURCE;
				MTL_FAST_MATH = YES;
				ONLY_ACTIVE_ARCH = YES;
				SDKROOT = iphoneos;
				SWIFT_ACTIVE_COMPILATION_CONDITIONS = DEBUG;
				SWIFT_OPTIMIZATION_LEVEL = "-Onone";
			};
			name = Debug;
		};
		549B609329D310010074CF88 /* Release */ = {
			isa = XCBuildConfiguration;
			buildSettings = {
				ALWAYS_SEARCH_USER_PATHS = NO;
				CLANG_ANALYZER_NONNULL = YES;
				CLANG_ANALYZER_NUMBER_OBJECT_CONVERSION = YES_AGGRESSIVE;
				CLANG_CXX_LANGUAGE_STANDARD = "gnu++20";
				CLANG_ENABLE_MODULES = YES;
				CLANG_ENABLE_OBJC_ARC = YES;
				CLANG_ENABLE_OBJC_WEAK = YES;
				CLANG_WARN_BLOCK_CAPTURE_AUTORELEASING = YES;
				CLANG_WARN_BOOL_CONVERSION = YES;
				CLANG_WARN_COMMA = YES;
				CLANG_WARN_CONSTANT_CONVERSION = YES;
				CLANG_WARN_DEPRECATED_OBJC_IMPLEMENTATIONS = YES;
				CLANG_WARN_DIRECT_OBJC_ISA_USAGE = YES_ERROR;
				CLANG_WARN_DOCUMENTATION_COMMENTS = YES;
				CLANG_WARN_EMPTY_BODY = YES;
				CLANG_WARN_ENUM_CONVERSION = YES;
				CLANG_WARN_INFINITE_RECURSION = YES;
				CLANG_WARN_INT_CONVERSION = YES;
				CLANG_WARN_NON_LITERAL_NULL_CONVERSION = YES;
				CLANG_WARN_OBJC_IMPLICIT_RETAIN_SELF = YES;
				CLANG_WARN_OBJC_LITERAL_CONVERSION = YES;
				CLANG_WARN_OBJC_ROOT_CLASS = YES_ERROR;
				CLANG_WARN_QUOTED_INCLUDE_IN_FRAMEWORK_HEADER = YES;
				CLANG_WARN_RANGE_LOOP_ANALYSIS = YES;
				CLANG_WARN_STRICT_PROTOTYPES = YES;
				CLANG_WARN_SUSPICIOUS_MOVE = YES;
				CLANG_WARN_UNGUARDED_AVAILABILITY = YES_AGGRESSIVE;
				CLANG_WARN_UNREACHABLE_CODE = YES;
				CLANG_WARN__DUPLICATE_METHOD_MATCH = YES;
				COPY_PHASE_STRIP = NO;
				DEBUG_INFORMATION_FORMAT = "dwarf-with-dsym";
				ENABLE_NS_ASSERTIONS = NO;
				ENABLE_STRICT_OBJC_MSGSEND = YES;
				GCC_C_LANGUAGE_STANDARD = gnu11;
				GCC_NO_COMMON_BLOCKS = YES;
				GCC_WARN_64_TO_32_BIT_CONVERSION = YES;
				GCC_WARN_ABOUT_RETURN_TYPE = YES_ERROR;
				GCC_WARN_UNDECLARED_SELECTOR = YES;
				GCC_WARN_UNINITIALIZED_AUTOS = YES_AGGRESSIVE;
				GCC_WARN_UNUSED_FUNCTION = YES;
				GCC_WARN_UNUSED_VARIABLE = YES;
				IPHONEOS_DEPLOYMENT_TARGET = 16.4;
				MTL_ENABLE_DEBUG_INFO = NO;
				MTL_FAST_MATH = YES;
				SDKROOT = iphoneos;
				SWIFT_COMPILATION_MODE = wholemodule;
				SWIFT_OPTIMIZATION_LEVEL = "-O";
				VALIDATE_PRODUCT = YES;
			};
			name = Release;
		};
		549B609529D310010074CF88 /* Debug */ = {
			isa = XCBuildConfiguration;
			buildSettings = {
				ASSETCATALOG_COMPILER_APPICON_NAME = AppIcon;
				ASSETCATALOG_COMPILER_GLOBAL_ACCENT_COLOR_NAME = AccentColor;
				CODE_SIGN_STYLE = Automatic;
				CURRENT_PROJECT_VERSION = 1;
				DEVELOPMENT_TEAM = Z7BF2494U7;
				GENERATE_INFOPLIST_FILE = YES;
				INFOPLIST_FILE = SimpleChatApp/Resources/Info.plist;
				INFOPLIST_KEY_UIApplicationSupportsIndirectInputEvents = YES;
				INFOPLIST_KEY_UILaunchStoryboardName = LaunchScreen;
				INFOPLIST_KEY_UIRequiresFullScreen = YES;
				INFOPLIST_KEY_UISupportedInterfaceOrientations = UIInterfaceOrientationPortrait;
				IPHONEOS_DEPLOYMENT_TARGET = 13.0;
				LD_RUNPATH_SEARCH_PATHS = (
					"$(inherited)",
					"@executable_path/Frameworks",
				);
				MARKETING_VERSION = 1.0;
				PRODUCT_BUNDLE_IDENTIFIER = com.dbronnikov.SimpleChatApp;
				PRODUCT_NAME = "$(TARGET_NAME)";
				SWIFT_EMIT_LOC_STRINGS = YES;
				SWIFT_VERSION = 5.0;
				TARGETED_DEVICE_FAMILY = "1,2";
			};
			name = Debug;
		};
		549B609629D310010074CF88 /* Release */ = {
			isa = XCBuildConfiguration;
			buildSettings = {
				ASSETCATALOG_COMPILER_APPICON_NAME = AppIcon;
				ASSETCATALOG_COMPILER_GLOBAL_ACCENT_COLOR_NAME = AccentColor;
				CODE_SIGN_STYLE = Automatic;
				CURRENT_PROJECT_VERSION = 1;
				DEVELOPMENT_TEAM = Z7BF2494U7;
				GENERATE_INFOPLIST_FILE = YES;
				INFOPLIST_FILE = SimpleChatApp/Resources/Info.plist;
				INFOPLIST_KEY_UIApplicationSupportsIndirectInputEvents = YES;
				INFOPLIST_KEY_UILaunchStoryboardName = LaunchScreen;
				INFOPLIST_KEY_UIRequiresFullScreen = YES;
				INFOPLIST_KEY_UISupportedInterfaceOrientations = UIInterfaceOrientationPortrait;
				IPHONEOS_DEPLOYMENT_TARGET = 13.0;
				LD_RUNPATH_SEARCH_PATHS = (
					"$(inherited)",
					"@executable_path/Frameworks",
				);
				MARKETING_VERSION = 1.0;
				PRODUCT_BUNDLE_IDENTIFIER = com.dbronnikov.SimpleChatApp;
				PRODUCT_NAME = "$(TARGET_NAME)";
				SWIFT_EMIT_LOC_STRINGS = YES;
				SWIFT_VERSION = 5.0;
				TARGETED_DEVICE_FAMILY = "1,2";
			};
			name = Release;
		};
/* End XCBuildConfiguration section */

/* Begin XCConfigurationList section */
		549B607B29D310000074CF88 /* Build configuration list for PBXProject "SimpleChatApp" */ = {
			isa = XCConfigurationList;
			buildConfigurations = (
				549B609229D310010074CF88 /* Debug */,
				549B609329D310010074CF88 /* Release */,
			);
			defaultConfigurationIsVisible = 0;
			defaultConfigurationName = Release;
		};
		549B609429D310010074CF88 /* Build configuration list for PBXNativeTarget "SimpleChatApp" */ = {
			isa = XCConfigurationList;
			buildConfigurations = (
				549B609529D310010074CF88 /* Debug */,
				549B609629D310010074CF88 /* Release */,
			);
			defaultConfigurationIsVisible = 0;
			defaultConfigurationName = Release;
		};
/* End XCConfigurationList section */
	};
	rootObject = 549B607829D310000074CF88 /* Project object */;
}
